
Microsoft Visual Studio Solution File, Format Version 12.00
# Visual Studio Version 17
VisualStudioVersion = 17.14.36310.24 d17.14
MinimumVisualStudioVersion = 10.0.40219.1
Project("{FAE04EC0-301F-11D3-BF4B-00C04F79EFBC}") = "ProductCatalog.API", "ProductCatalog.API\ProductCatalog.API.csproj", "{2A381B0E-446B-45A5-ACED-009F836F3773}"
EndProject
Global
	GlobalSection(SolutionConfigurationPlatforms) = preSolution
		Debug|Any CPU = Debug|Any CPU
		Release|Any CPU = Release|Any CPU
	EndGlobalSection
	GlobalSection(ProjectConfigurationPlatforms) = postSolution
		{2A381B0E-446B-45A5-ACED-009F836F3773}.Debug|Any CPU.ActiveCfg = Debug|Any CPU
		{2A381B0E-446B-45A5-ACED-009F836F3773}.Debug|Any CPU.Build.0 = Debug|Any CPU
		{2A381B0E-446B-45A5-ACED-009F836F3773}.Release|Any CPU.ActiveCfg = Release|Any CPU
		{2A381B0E-446B-45A5-ACED-009F836F3773}.Release|Any CPU.Build.0 = Release|Any CPU
	EndGlobalSection
	GlobalSection(SolutionProperties) = preSolution
		HideSolutionNode = FALSE
	EndGlobalSection
	GlobalSection(ExtensibilityGlobals) = postSolution
		SolutionGuid = {8C9C4AF9-9850-42B1-8BDA-B82D423F369F}
	EndGlobalSection
EndGlobal
